
Microsoft Visual Studio Solution File, Format Version 12.00
# Visual Studio Version 16
VisualStudioVersion = 16.0.31129.286
MinimumVisualStudioVersion = 10.0.40219.1
Project("{FAE04EC0-301F-11D3-BF4B-00C04F79EFBC}") = "Generic_Repository_Demo", "Generic_Repository_Demo\Generic_Repository_Demo.csproj", "{47A11048-AD1A-41EB-AF1F-88483E95A6ED}"
EndProject
Global
	GlobalSection(SolutionConfigurationPlatforms) = preSolution
		Debug|Any CPU = Debug|Any CPU
		Release|Any CPU = Release|Any CPU
	EndGlobalSection
	GlobalSection(ProjectConfigurationPlatforms) = postSolution
		{47A11048-AD1A-41EB-AF1F-88483E95A6ED}.Debug|Any CPU.ActiveCfg = Debug|Any CPU
		{47A11048-AD1A-41EB-AF1F-88483E95A6ED}.Debug|Any CPU.Build.0 = Debug|Any CPU
		{47A11048-AD1A-41EB-AF1F-88483E95A6ED}.Release|Any CPU.ActiveCfg = Release|Any CPU
		{47A11048-AD1A-41EB-AF1F-88483E95A6ED}.Release|Any CPU.Build.0 = Release|Any CPU
	EndGlobalSection
	GlobalSection(SolutionProperties) = preSolution
		HideSolutionNode = FALSE
	EndGlobalSection
	GlobalSection(ExtensibilityGlobals) = postSolution
		SolutionGuid = {BE1E3F50-CFB6-4B53-BC9E-CC8AE4D70D52}
	EndGlobalSection
EndGlobal
